<?xml version="1.0" encoding="utf-8"?>
<Project ToolsVersion="4.0" xmlns="http://schemas.microsoft.com/developer/msbuild/2003">
  <ItemGroup>
    <ClCompile Include="source\buf.c" />
    <ClCompile Include="source\c14n.c" />
    <ClCompile Include="source\catalog.c" />
    <ClCompile Include="source\chvalid.c" />
    <ClCompile Include="source\debugXML.c" />
    <ClCompile Include="source\dict.c" />
    <ClCompile Include="source\DOCBparser.c" />
    <ClCompile Include="source\encoding.c" />
    <ClCompile Include="source\entities.c" />
    <ClCompile Include="source\error.c" />
    <ClCompile Include="source\globals.c" />
    <ClCompile Include="source\hash.c" />
    <ClCompile Include="source\HTMLparser.c" />
    <ClCompile Include="source\HTMLtree.c" />
    <ClCompile Include="source\legacy.c" />
    <ClCompile Include="source\list.c" />
    <ClCompile Include="source\nanoftp.c" />
    <ClCompile Include="source\nanohttp.c" />
    <ClCompile Include="source\parser.c" />
    <ClCompile Include="source\parserInternals.c" />
    <ClCompile Include="source\pattern.c" />
    <ClCompile Include="source\relaxng.c" />
    <ClCompile Include="source\SAX.c" />
    <ClCompile Include="source\SAX2.c" />
    <ClCompile Include="source\schematron.c" />
    <ClCompile Include="source\threads.c" />
    <ClCompile Include="source\tree.c" />
    <ClCompile Include="source\trionan.c" />
    <ClCompile Include="source\uri.c" />
    <ClCompile Include="source\valid.c" />
    <ClCompile Include="source\winuwpcompat.c" />
    <ClCompile Include="source\xinclude.c" />
    <ClCompile Include="source\xlink.c" />
    <ClCompile Include="source\xmlcatalog.c" />
    <ClCompile Include="source\xmlIO.c" />
    <ClCompile Include="source\xmlmemory.c" />
    <ClCompile Include="source\xmlmodule.c" />
    <ClCompile Include="source\xmlreader.c" />
    <ClCompile Include="source\xmlregexp.c" />
    <ClCompile Include="source\xmlsave.c" />
    <ClCompile Include="source\xmlschemas.c" />
    <ClCompile Include="source\xmlschemastypes.c" />
    <ClCompile Include="source\xmlstring.c" />
    <ClCompile Include="source\xmlunicode.c" />
    <ClCompile Include="source\xmlwriter.c" />
    <ClCompile Include="source\xpath.c" />
    <ClCompile Include="source\xpointer.c" />
    <ClCompile Include="source\xzlib.c" />
  </ItemGroup>
  <ItemGroup>
    <ClInclude Include="config.h" />
    <ClInclude Include="elfgcchack.h" />
    <ClInclude Include="include\libxml\buf.h" />
    <ClInclude Include="include\libxml\c14n.h" />
    <ClInclude Include="include\libxml\catalog.h" />
    <ClInclude Include="include\libxml\chvalid.h" />
    <ClInclude Include="include\libxml\debugXML.h" />
    <ClInclude Include="include\libxml\dict.h" />
    <ClInclude Include="include\libxml\DOCBparser.h" />
    <ClInclude Include="include\libxml\enc.h" />
    <ClInclude Include="include\libxml\encoding.h" />
    <ClInclude Include="include\libxml\entities.h" />
    <ClInclude Include="include\libxml\globals.h" />
    <ClInclude Include="include\libxml\hash.h" />
    <ClInclude Include="include\libxml\HTMLparser.h" />
    <ClInclude Include="include\libxml\HTMLtree.h" />
    <ClInclude Include="include\libxml\libxml.h" />
    <ClInclude Include="include\libxml\list.h" />
    <ClInclude Include="include\libxml\nanoftp.h" />
    <ClInclude Include="include\libxml\nanohttp.h" />
    <ClInclude Include="include\libxml\parser.h" />
    <ClInclude Include="include\libxml\parserInternals.h" />
    <ClInclude Include="include\libxml\pattern.h" />
    <ClInclude Include="include\libxml\relaxng.h" />
    <ClInclude Include="include\libxml\save.h" />
    <ClInclude Include="include\libxml\SAX.h" />
    <ClInclude Include="include\libxml\SAX2.h" />
    <ClInclude Include="include\libxml\schemasInternals.h" />
    <ClInclude Include="include\libxml\schematron.h" />
    <ClInclude Include="include\libxml\threads.h" />
    <ClInclude Include="include\libxml\timsort.h" />
    <ClInclude Include="include\libxml\tree.h" />
    <ClInclude Include="include\libxml\triodef.h" />
    <ClInclude Include="include\libxml\trionan.h" />
    <ClInclude Include="include\libxml\uri.h" />
    <ClInclude Include="include\libxml\valid.h" />
    <ClInclude Include="include\libxml\xinclude.h" />
    <ClInclude Include="include\libxml\xlink.h" />
    <ClInclude Include="include\libxml\xmlautomata.h" />
    <ClInclude Include="include\libxml\xmlerror.h" />
    <ClInclude Include="include\libxml\xmlexports.h" />
    <ClInclude Include="include\libxml\xmlIO.h" />
    <ClInclude Include="include\libxml\xmlmemory.h" />
    <ClInclude Include="include\libxml\xmlmodule.h" />
    <ClInclude Include="include\libxml\xmlreader.h" />
    <ClInclude Include="include\libxml\xmlregexp.h" />
    <ClInclude Include="include\libxml\xmlsave.h" />
    <ClInclude Include="include\libxml\xmlschemas.h" />
    <ClInclude Include="include\libxml\xmlschemastypes.h" />
    <ClInclude Include="include\libxml\xmlstring.h" />
    <ClInclude Include="include\libxml\xmlunicode.h" />
    <ClInclude Include="include\libxml\xmlversion.h" />
    <ClInclude Include="include\libxml\xmlwriter.h" />
    <ClInclude Include="include\libxml\xpath.h" />
    <ClInclude Include="include\libxml\xpathInternals.h" />
    <ClInclude Include="include\libxml\xpointer.h" />
    <ClInclude Include="include\libxml\xzlib.h" />
    <ClInclude Include="include\winuwpcompat.h" />
    <ClInclude Include="include\wsockcompat.h" />
    <ClInclude Include="targetver.h" />
  </ItemGroup>
  <ItemGroup>
    <None Include="README.md" />
    <None Include=".gitignore" />
    <None Include=".gitattributes" />
  </ItemGroup>
</Project>